version = 1
revision = 1
requires-python = "==3.10.*"

[[package]]
name = "annotated-types"
version = "0.7.0"
source = { registry = "https://pypi.org/simple" }
sdist = { url = "https://files.pythonhosted.org/packages/ee/67/531ea369ba64dcff5ec9c3402f9f51bf748cec26dde048a2f973a4eea7f5/annotated_types-0.7.0.tar.gz", hash = "sha256:aff07c09a53a08bc8cfccb9c85b05f1aa9a2a6f23728d790723543408344ce89", size = 16081 }
wheels = [
    { url = "https://files.pythonhosted.org/packages/78/b6/6307fbef88d9b5ee7421e68d78a9f162e0da4900bc5f5793f6d3d0e34fb8/annotated_types-0.7.0-py3-none-any.whl", hash = "sha256:1f02e8b43a8fbbc3f3e0d4f0f4bfc8131bcb4eebe8849b8e5c773f3a1c582a53", size = 13643 },
]

[[package]]
name = "colorama"
version = "0.4.6"
source = { registry = "https://download.pytorch.org/whl/cu118" }
wheels = [
    { url = "https://download.pytorch.org/whl/colorama-0.4.6-py2.py3-none-any.whl", hash = "sha256:4f1d9991f5acc0ca119f9d443620b77f9d6b33703e51011c16baf57afb285fc6" },
]

[[package]]
name = "filelock"
version = "3.13.1"
source = { registry = "https://download.pytorch.org/whl/cu118" }
wheels = [
    { url = "https://download.pytorch.org/whl/filelock-3.13.1-py3-none-any.whl", hash = "sha256:57dbda9b35157b05fb3e58ee91448612eb674172fab98ee235ccb0b5bee19a1c" },
]

[[package]]
name = "fsspec"
version = "2024.6.1"
source = { registry = "https://download.pytorch.org/whl/cu118" }
wheels = [
    { url = "https://download.pytorch.org/whl/fsspec-2024.6.1-py3-none-any.whl", hash = "sha256:3cb443f8bcd2efb31295a5b9fdb02aee81d8452c80d28f97a6d0959e6cee101e" },
]

[[package]]
name = "jinja2"
version = "3.1.4"
source = { registry = "https://download.pytorch.org/whl/cu118" }
dependencies = [
    { name = "markupsafe" },
]
wheels = [
    { url = "https://download.pytorch.org/whl/Jinja2-3.1.4-py3-none-any.whl", hash = "sha256:bc5dd2abb727a5319567b7a813e6a2e7318c39f4f487cfe6c89c6f9c7d25197d" },
]

[[package]]
name = "markupsafe"
version = "2.1.5"
source = { registry = "https://download.pytorch.org/whl/cu118" }
sdist = { url = "https://download.pytorch.org/whl/MarkupSafe-2.1.5.tar.gz", hash = "sha256:d283d37a890ba4c1ae73ffadf8046435c76e7bc2247bbb63c00bd1a709c6544b" }
wheels = [
    { url = "https://download.pytorch.org/whl/MarkupSafe-2.1.5-cp310-cp310-macosx_10_9_universal2.whl", hash = "sha256:a17a92de5231666cfbe003f0e4b9b3a7ae3afb1ec2845aadc2bacc93ff85febc" },
    { url = "https://download.pytorch.org/whl/MarkupSafe-2.1.5-cp310-cp310-macosx_10_9_x86_64.whl", hash = "sha256:72b6be590cc35924b02c78ef34b467da4ba07e4e0f0454a2c5907f473fc50ce5" },
    { url = "https://download.pytorch.org/whl/MarkupSafe-2.1.5-cp310-cp310-manylinux_2_17_aarch64.manylinux2014_aarch64.whl", hash = "sha256:e61659ba32cf2cf1481e575d0462554625196a1f2fc06a1c777d3f48e8865d46" },
    { url = "https://download.pytorch.org/whl/MarkupSafe-2.1.5-cp310-cp310-manylinux_2_17_x86_64.manylinux2014_x86_64.whl", hash = "sha256:2174c595a0d73a3080ca3257b40096db99799265e1c27cc5a610743acd86d62f" },
    { url = "https://download.pytorch.org/whl/MarkupSafe-2.1.5-cp310-cp310-manylinux_2_5_i686.manylinux1_i686.manylinux_2_17_i686.manylinux2014_i686.whl", hash = "sha256:ae2ad8ae6ebee9d2d94b17fb62763125f3f374c25618198f40cbb8b525411900" },
    { url = "https://download.pytorch.org/whl/MarkupSafe-2.1.5-cp310-cp310-win_amd64.whl", hash = "sha256:bf50cd79a75d181c9181df03572cdce0fbb75cc353bc350712073108cba98de5" },
]

[[package]]
name = "mpmath"
version = "1.3.0"
source = { registry = "https://download.pytorch.org/whl/cu118" }
wheels = [
    { url = "https://download.pytorch.org/whl/mpmath-1.3.0-py3-none-any.whl", hash = "sha256:a0b2b9fe80bbcd81a6647ff13108738cfb482d481d826cc0e02f5b35e5c88d2c" },
]

[[package]]
name = "networkx"
version = "3.3"
source = { registry = "https://download.pytorch.org/whl/cu118" }
wheels = [
    { url = "https://download.pytorch.org/whl/networkx-3.3-py3-none-any.whl", hash = "sha256:28575580c6ebdaf4505b22c6256a2b9de86b316dc63ba9e93abde3d78dfdbcf2" },
]

[[package]]
name = "nvidia-cublas-cu11"
version = "11.11.3.6"
source = { registry = "https://download.pytorch.org/whl/cu118" }
wheels = [
    { url = "https://download.pytorch.org/whl/cu118/nvidia_cublas_cu11-11.11.3.6-py3-none-manylinux1_x86_64.whl", hash = "sha256:39fb40e8f486dd8a2ddb8fdeefe1d5b28f5b99df01c87ab3676f057a74a5a6f3" },
]

[[package]]
name = "nvidia-cuda-cupti-cu11"
version = "11.8.87"
source = { registry = "https://download.pytorch.org/whl/cu118" }
wheels = [
    { url = "https://download.pytorch.org/whl/cu118/nvidia_cuda_cupti_cu11-11.8.87-py3-none-manylinux1_x86_64.whl", hash = "sha256:0e50c707df56c75a2c0703dc6b886f3c97a22f37d6f63839f75b7418ba672a8d" },
]

[[package]]
name = "nvidia-cuda-nvrtc-cu11"
version = "11.8.89"
source = { registry = "https://download.pytorch.org/whl/cu118" }
wheels = [
    { url = "https://download.pytorch.org/whl/cu118/nvidia_cuda_nvrtc_cu11-11.8.89-py3-none-manylinux1_x86_64.whl", hash = "sha256:1f27d67b0f72902e9065ae568b4f6268dfe49ba3ed269c9a3da99bb86d1d2008" },
]

[[package]]
name = "nvidia-cuda-runtime-cu11"
version = "11.8.89"
source = { registry = "https://download.pytorch.org/whl/cu118" }
wheels = [
    { url = "https://download.pytorch.org/whl/cu118/nvidia_cuda_runtime_cu11-11.8.89-py3-none-manylinux1_x86_64.whl", hash = "sha256:f587bd726eb2f7612cf77ce38a2c1e65cf23251ff49437f6161ce0d647f64f7c" },
]

[[package]]
name = "nvidia-cudnn-cu11"
version = "9.1.0.70"
source = { registry = "https://download.pytorch.org/whl/cu118" }
dependencies = [
    { name = "nvidia-cublas-cu11" },
]
wheels = [
    { url = "https://download.pytorch.org/whl/cu118/nvidia_cudnn_cu11-9.1.0.70-py3-none-manylinux2014_x86_64.whl", hash = "sha256:e6135ac63fe9d5b0b89cfb35c3fc1c1349f2b995becadf2e9dc21bca89d9633d" },
]

[[package]]
name = "nvidia-cufft-cu11"
version = "10.9.0.58"
source = { registry = "https://download.pytorch.org/whl/cu118" }
wheels = [
    { url = "https://download.pytorch.org/whl/cu118/nvidia_cufft_cu11-10.9.0.58-py3-none-manylinux1_x86_64.whl", hash = "sha256:222f9da70c80384632fd6035e4c3f16762d64ea7a843829cb278f98b3cb7dd81" },
]

[[package]]
name = "nvidia-curand-cu11"
version = "10.3.0.86"
source = { registry = "https://download.pytorch.org/whl/cu118" }
wheels = [
    { url = "https://download.pytorch.org/whl/cu118/nvidia_curand_cu11-10.3.0.86-py3-none-manylinux1_x86_64.whl", hash = "sha256:ac439548c88580269a1eb6aeb602a5aed32f0dbb20809a31d9ed7d01d77f6bf5" },
]

[[package]]
name = "nvidia-cusolver-cu11"
version = "11.4.1.48"
source = { registry = "https://download.pytorch.org/whl/cu118" }
dependencies = [
    { name = "nvidia-cublas-cu11" },
]
wheels = [
    { url = "https://download.pytorch.org/whl/cu118/nvidia_cusolver_cu11-11.4.1.48-py3-none-manylinux1_x86_64.whl", hash = "sha256:ca538f545645b7e6629140786d3127fe067b3d5a085bd794cde5bfe877c8926f" },
]

[[package]]
name = "nvidia-cusparse-cu11"
version = "11.7.5.86"
source = { registry = "https://download.pytorch.org/whl/cu118" }
wheels = [
    { url = "https://download.pytorch.org/whl/cu118/nvidia_cusparse_cu11-11.7.5.86-py3-none-manylinux1_x86_64.whl", hash = "sha256:4ae709fe78d3f23f60acaba8c54b8ad556cf16ca486e0cc1aa92dca7555d2d2b" },
]

[[package]]
name = "nvidia-nccl-cu11"
version = "2.21.5"
source = { registry = "https://download.pytorch.org/whl/cu118" }
wheels = [
    { url = "https://download.pytorch.org/whl/cu118/nvidia_nccl_cu11-2.21.5-py3-none-manylinux2014_x86_64.whl", hash = "sha256:49d8350629c7888701d1fd200934942671cb5c728f49acc5a0b3a768820bed29" },
]

[[package]]
name = "nvidia-nvtx-cu11"
version = "11.8.86"
source = { registry = "https://download.pytorch.org/whl/cu118" }
wheels = [
    { url = "https://download.pytorch.org/whl/cu118/nvidia_nvtx_cu11-11.8.86-py3-none-manylinux1_x86_64.whl", hash = "sha256:890656d8bd9b4e280231c832e1f0d03459200ba4824ddda3dcb59b1e1989b9f5" },
]

[[package]]
name = "pydantic"
version = "2.10.6"
source = { registry = "https://pypi.org/simple" }
dependencies = [
    { name = "annotated-types" },
    { name = "pydantic-core" },
    { name = "typing-extensions" },
]
sdist = { url = "https://files.pythonhosted.org/packages/b7/ae/d5220c5c52b158b1de7ca89fc5edb72f304a70a4c540c84c8844bf4008de/pydantic-2.10.6.tar.gz", hash = "sha256:ca5daa827cce33de7a42be142548b0096bf05a7e7b365aebfa5f8eeec7128236", size = 761681 }
wheels = [
    { url = "https://files.pythonhosted.org/packages/f4/3c/8cc1cc84deffa6e25d2d0c688ebb80635dfdbf1dbea3e30c541c8cf4d860/pydantic-2.10.6-py3-none-any.whl", hash = "sha256:427d664bf0b8a2b34ff5dd0f5a18df00591adcee7198fbd71981054cef37b584", size = 431696 },
]

[[package]]
name = "pydantic-core"
version = "2.27.2"
source = { registry = "https://pypi.org/simple" }
dependencies = [
    { name = "typing-extensions" },
]
sdist = { url = "https://files.pythonhosted.org/packages/fc/01/f3e5ac5e7c25833db5eb555f7b7ab24cd6f8c322d3a3ad2d67a952dc0abc/pydantic_core-2.27.2.tar.gz", hash = "sha256:eb026e5a4c1fee05726072337ff51d1efb6f59090b7da90d30ea58625b1ffb39", size = 413443 }
wheels = [
    { url = "https://files.pythonhosted.org/packages/3a/bc/fed5f74b5d802cf9a03e83f60f18864e90e3aed7223adaca5ffb7a8d8d64/pydantic_core-2.27.2-cp310-cp310-macosx_10_12_x86_64.whl", hash = "sha256:2d367ca20b2f14095a8f4fa1210f5a7b78b8a20009ecced6b12818f455b1e9fa", size = 1895938 },
    { url = "https://files.pythonhosted.org/packages/71/2a/185aff24ce844e39abb8dd680f4e959f0006944f4a8a0ea372d9f9ae2e53/pydantic_core-2.27.2-cp310-cp310-macosx_11_0_arm64.whl", hash = "sha256:491a2b73db93fab69731eaee494f320faa4e093dbed776be1a829c2eb222c34c", size = 1815684 },
    { url = "https://files.pythonhosted.org/packages/c3/43/fafabd3d94d159d4f1ed62e383e264f146a17dd4d48453319fd782e7979e/pydantic_core-2.27.2-cp310-cp310-manylinux_2_17_aarch64.manylinux2014_aarch64.whl", hash = "sha256:7969e133a6f183be60e9f6f56bfae753585680f3b7307a8e555a948d443cc05a", size = 1829169 },
    { url = "https://files.pythonhosted.org/packages/a2/d1/f2dfe1a2a637ce6800b799aa086d079998959f6f1215eb4497966efd2274/pydantic_core-2.27.2-cp310-cp310-manylinux_2_17_armv7l.manylinux2014_armv7l.whl", hash = "sha256:3de9961f2a346257caf0aa508a4da705467f53778e9ef6fe744c038119737ef5", size = 1867227 },
    { url = "https://files.pythonhosted.org/packages/7d/39/e06fcbcc1c785daa3160ccf6c1c38fea31f5754b756e34b65f74e99780b5/pydantic_core-2.27.2-cp310-cp310-manylinux_2_17_ppc64le.manylinux2014_ppc64le.whl", hash = "sha256:e2bb4d3e5873c37bb3dd58714d4cd0b0e6238cebc4177ac8fe878f8b3aa8e74c", size = 2037695 },
    { url = "https://files.pythonhosted.org/packages/7a/67/61291ee98e07f0650eb756d44998214231f50751ba7e13f4f325d95249ab/pydantic_core-2.27.2-cp310-cp310-manylinux_2_17_s390x.manylinux2014_s390x.whl", hash = "sha256:280d219beebb0752699480fe8f1dc61ab6615c2046d76b7ab7ee38858de0a4e7", size = 2741662 },
    { url = "https://files.pythonhosted.org/packages/32/90/3b15e31b88ca39e9e626630b4c4a1f5a0dfd09076366f4219429e6786076/pydantic_core-2.27.2-cp310-cp310-manylinux_2_17_x86_64.manylinux2014_x86_64.whl", hash = "sha256:47956ae78b6422cbd46f772f1746799cbb862de838fd8d1fbd34a82e05b0983a", size = 1993370 },
    { url = "https://files.pythonhosted.org/packages/ff/83/c06d333ee3a67e2e13e07794995c1535565132940715931c1c43bfc85b11/pydantic_core-2.27.2-cp310-cp310-manylinux_2_5_i686.manylinux1_i686.whl", hash = "sha256:14d4a5c49d2f009d62a2a7140d3064f686d17a5d1a268bc641954ba181880236", size = 1996813 },
    { url = "https://files.pythonhosted.org/packages/7c/f7/89be1c8deb6e22618a74f0ca0d933fdcb8baa254753b26b25ad3acff8f74/pydantic_core-2.27.2-cp310-cp310-musllinux_1_1_aarch64.whl", hash = "sha256:337b443af21d488716f8d0b6164de833e788aa6bd7e3a39c005febc1284f4962", size = 2005287 },
    { url = "https://files.pythonhosted.org/packages/b7/7d/8eb3e23206c00ef7feee17b83a4ffa0a623eb1a9d382e56e4aa46fd15ff2/pydantic_core-2.27.2-cp310-cp310-musllinux_1_1_armv7l.whl", hash = "sha256:03d0f86ea3184a12f41a2d23f7ccb79cdb5a18e06993f8a45baa8dfec746f0e9", size = 2128414 },
    { url = "https://files.pythonhosted.org/packages/4e/99/fe80f3ff8dd71a3ea15763878d464476e6cb0a2db95ff1c5c554133b6b83/pydantic_core-2.27.2-cp310-cp310-musllinux_1_1_x86_64.whl", hash = "sha256:7041c36f5680c6e0f08d922aed302e98b3745d97fe1589db0a3eebf6624523af", size = 2155301 },
    { url = "https://files.pythonhosted.org/packages/2b/a3/e50460b9a5789ca1451b70d4f52546fa9e2b420ba3bfa6100105c0559238/pydantic_core-2.27.2-cp310-cp310-win32.whl", hash = "sha256:50a68f3e3819077be2c98110c1f9dcb3817e93f267ba80a2c05bb4f8799e2ff4", size = 1816685 },
    { url = "https://files.pythonhosted.org/packages/57/4c/a8838731cb0f2c2a39d3535376466de6049034d7b239c0202a64aaa05533/pydantic_core-2.27.2-cp310-cp310-win_amd64.whl", hash = "sha256:e0fd26b16394ead34a424eecf8a31a1f5137094cabe84a1bcb10fa6ba39d3d31", size = 1982876 },
    { url = "https://files.pythonhosted.org/packages/46/72/af70981a341500419e67d5cb45abe552a7c74b66326ac8877588488da1ac/pydantic_core-2.27.2-pp310-pypy310_pp73-macosx_10_12_x86_64.whl", hash = "sha256:2bf14caea37e91198329b828eae1618c068dfb8ef17bb33287a7ad4b61ac314e", size = 1891159 },
    { url = "https://files.pythonhosted.org/packages/ad/3d/c5913cccdef93e0a6a95c2d057d2c2cba347815c845cda79ddd3c0f5e17d/pydantic_core-2.27.2-pp310-pypy310_pp73-macosx_11_0_arm64.whl", hash = "sha256:b0cb791f5b45307caae8810c2023a184c74605ec3bcbb67d13846c28ff731ff8", size = 1768331 },
    { url = "https://files.pythonhosted.org/packages/f6/f0/a3ae8fbee269e4934f14e2e0e00928f9346c5943174f2811193113e58252/pydantic_core-2.27.2-pp310-pypy310_pp73-manylinux_2_17_aarch64.manylinux2014_aarch64.whl", hash = "sha256:688d3fd9fcb71f41c4c015c023d12a79d1c4c0732ec9eb35d96e3388a120dcf3", size = 1822467 },
    { url = "https://files.pythonhosted.org/packages/d7/7a/7bbf241a04e9f9ea24cd5874354a83526d639b02674648af3f350554276c/pydantic_core-2.27.2-pp310-pypy310_pp73-manylinux_2_17_x86_64.manylinux2014_x86_64.whl", hash = "sha256:3d591580c34f4d731592f0e9fe40f9cc1b430d297eecc70b962e93c5c668f15f", size = 1979797 },
    { url = "https://files.pythonhosted.org/packages/4f/5f/4784c6107731f89e0005a92ecb8a2efeafdb55eb992b8e9d0a2be5199335/pydantic_core-2.27.2-pp310-pypy310_pp73-manylinux_2_5_i686.manylinux1_i686.whl", hash = "sha256:82f986faf4e644ffc189a7f1aafc86e46ef70372bb153e7001e8afccc6e54133", size = 1987839 },
    { url = "https://files.pythonhosted.org/packages/6d/a7/61246562b651dff00de86a5f01b6e4befb518df314c54dec187a78d81c84/pydantic_core-2.27.2-pp310-pypy310_pp73-musllinux_1_1_aarch64.whl", hash = "sha256:bec317a27290e2537f922639cafd54990551725fc844249e64c523301d0822fc", size = 1998861 },
    { url = "https://files.pythonhosted.org/packages/86/aa/837821ecf0c022bbb74ca132e117c358321e72e7f9702d1b6a03758545e2/pydantic_core-2.27.2-pp310-pypy310_pp73-musllinux_1_1_armv7l.whl", hash = "sha256:0296abcb83a797db256b773f45773da397da75a08f5fcaef41f2044adec05f50", size = 2116582 },
    { url = "https://files.pythonhosted.org/packages/81/b0/5e74656e95623cbaa0a6278d16cf15e10a51f6002e3ec126541e95c29ea3/pydantic_core-2.27.2-pp310-pypy310_pp73-musllinux_1_1_x86_64.whl", hash = "sha256:0d75070718e369e452075a6017fbf187f788e17ed67a3abd47fa934d001863d9", size = 2151985 },
    { url = "https://files.pythonhosted.org/packages/63/37/3e32eeb2a451fddaa3898e2163746b0cffbbdbb4740d38372db0490d67f3/pydantic_core-2.27.2-pp310-pypy310_pp73-win_amd64.whl", hash = "sha256:7e17b560be3c98a8e3aa66ce828bdebb9e9ac6ad5466fba92eb74c4c95cb1151", size = 2004715 },
]

[[package]]
name = "sympy"
version = "1.13.1"
source = { registry = "https://download.pytorch.org/whl/cu118" }
dependencies = [
    { name = "mpmath" },
]
wheels = [
    { url = "https://download.pytorch.org/whl/sympy-1.13.1-py3-none-any.whl", hash = "sha256:db36cdc64bf61b9b24578b6f7bab1ecdd2452cf008f34faa33776680c26d66f8" },
]

[[package]]
name = "torch"
version = "2.5.0+cu118"
source = { registry = "https://download.pytorch.org/whl/cu118" }
dependencies = [
    { name = "filelock" },
    { name = "fsspec" },
    { name = "jinja2" },
    { name = "networkx" },
    { name = "nvidia-cublas-cu11", marker = "platform_machine == 'x86_64' and sys_platform == 'linux'" },
    { name = "nvidia-cuda-cupti-cu11", marker = "platform_machine == 'x86_64' and sys_platform == 'linux'" },
    { name = "nvidia-cuda-nvrtc-cu11", marker = "platform_machine == 'x86_64' and sys_platform == 'linux'" },
    { name = "nvidia-cuda-runtime-cu11", marker = "platform_machine == 'x86_64' and sys_platform == 'linux'" },
    { name = "nvidia-cudnn-cu11", marker = "platform_machine == 'x86_64' and sys_platform == 'linux'" },
    { name = "nvidia-cufft-cu11", marker = "platform_machine == 'x86_64' and sys_platform == 'linux'" },
    { name = "nvidia-curand-cu11", marker = "platform_machine == 'x86_64' and sys_platform == 'linux'" },
    { name = "nvidia-cusolver-cu11", marker = "platform_machine == 'x86_64' and sys_platform == 'linux'" },
    { name = "nvidia-cusparse-cu11", marker = "platform_machine == 'x86_64' and sys_platform == 'linux'" },
    { name = "nvidia-nccl-cu11", marker = "platform_machine == 'x86_64' and sys_platform == 'linux'" },
    { name = "nvidia-nvtx-cu11", marker = "platform_machine == 'x86_64' and sys_platform == 'linux'" },
    { name = "sympy" },
    { name = "triton", marker = "platform_machine == 'x86_64' and sys_platform == 'linux'" },
    { name = "typing-extensions" },
]
wheels = [
    { url = "https://download.pytorch.org/whl/cu118/torch-2.5.0%2Bcu118-cp310-cp310-linux_x86_64.whl", hash = "sha256:2aa11a48f1b500669d1eda3f04f011ac568991843b42293a8e912c4e520acbde" },
    { url = "https://download.pytorch.org/whl/cu118/torch-2.5.0%2Bcu118-cp310-cp310-win_amd64.whl", hash = "sha256:41196f732ec188d5688a28d6c1d36f397c1c8fdec763b0740d917e474d19a3b5" },
]

[[package]]
name = "tqdm"
version = "4.66.5"
source = { registry = "https://download.pytorch.org/whl/cu118" }
dependencies = [
    { name = "colorama", marker = "sys_platform == 'win32'" },
]
wheels = [
    { url = "https://download.pytorch.org/whl/tqdm-4.66.5-py3-none-any.whl", hash = "sha256:90279a3770753eafc9194a0364852159802111925aa30eb3f9d85b0e805ac7cd" },
]

[[package]]
name = "triton"
version = "3.1.0"
source = { registry = "https://download.pytorch.org/whl/cu118" }
dependencies = [
    { name = "filelock" },
]
wheels = [
    { url = "https://download.pytorch.org/whl/triton-3.1.0-cp310-cp310-manylinux_2_17_x86_64.manylinux2014_x86_64.whl", hash = "sha256:6b0dd10a925263abbe9fa37dcde67a5e9b2383fc269fdf59f5657cac38c5d1d8" },
]

[[package]]
name = "typing-extensions"
version = "4.12.2"
source = { registry = "https://download.pytorch.org/whl/cu118" }
wheels = [
    { url = "https://download.pytorch.org/whl/typing_extensions-4.12.2-py3-none-any.whl", hash = "sha256:04e5ca0351e0f3f85c6853954072df659d0d13fac324d0072316b67d7794700d" },
]

[[package]]
name = "uv-torch-base"
version = "0.1.0"
source = { virtual = "." }
dependencies = [
    { name = "pydantic" },
    { name = "torch" },
    { name = "tqdm" },
]

[package.metadata]
requires-dist = [
    { name = "pydantic", specifier = ">=2.10.6" },
    { name = "torch", specifier = "==2.5.0+cu118" },
    { name = "tqdm", specifier = ">=4.66.5" },
]

[package.metadata.requires-dev]
dev = []
